
Microsoft Visual Studio Solution File, Format Version 12.00
# Visual Studio 15
VisualStudioVersion = 15.0.27703.2026
MinimumVisualStudioVersion = 10.0.40219.1
Project("{FAE04EC0-301F-11D3-BF4B-00C04F79EFBC}") = "MCLaunch", "MCLaunch\MCLaunch.csproj", "{B48F5702-64A9-4A1F-9854-8D9568F2CB68}"
EndProject
Global
	GlobalSection(SolutionConfigurationPlatforms) = preSolution
		Debug|Any CPU = Debug|Any CPU
		Release|Any CPU = Release|Any CPU
	EndGlobalSection
	GlobalSection(ProjectConfigurationPlatforms) = postSolution
		{B48F5702-64A9-4A1F-9854-8D9568F2CB68}.Debug|Any CPU.ActiveCfg = Debug|Any CPU
		{B48F5702-64A9-4A1F-9854-8D9568F2CB68}.Debug|Any CPU.Build.0 = Debug|Any CPU
		{B48F5702-64A9-4A1F-9854-8D9568F2CB68}.Release|Any CPU.ActiveCfg = Release|Any CPU
		{B48F5702-64A9-4A1F-9854-8D9568F2CB68}.Release|Any CPU.Build.0 = Release|Any CPU
	EndGlobalSection
	GlobalSection(SolutionProperties) = preSolution
		HideSolutionNode = FALSE
	EndGlobalSection
	GlobalSection(ExtensibilityGlobals) = postSolution
		SolutionGuid = {BFCF33A6-F1C8-499A-AA98-FFE8934F93D2}
	EndGlobalSection
EndGlobal
